PODS:
  - Alamofire (4.3.0)
  - Nuke (4.1.2)
  - Realm (2.3.0):
    - Realm/Headers (= 2.3.0)
  - Realm/Headers (2.3.0)
  - RealmSwift (2.3.0):
    - Realm (= 2.3.0)
  - SVProgressHUD (2.1.2)
  - SwiftyJSON (3.1.4)

DEPENDENCIES:
  - Alamofire
  - Nuke
  - RealmSwift
  - SVProgressHUD
  - SwiftyJSON

SPEC CHECKSUMS:
  Alamofire: 856a113053a7bc9cbe5d6367a555d773fc5cfef7
  Nuke: 7cfd2acdf90c36f66e6ea40795bac0d851a9afe0
  Realm: 69d7de9aa569a11eed490aaabc8f2109e3985ecf
  RealmSwift: dc6f99ea55e59490cec69c860f91932b6bf7efb6
  SVProgressHUD: c404a55d78acbeb7ebb78b76d3faf986475a6994
  SwiftyJSON: c2842d878f95482ffceec5709abc3d05680c0220

PODFILE CHECKSUM: 20f043d70be5c69b5a2f4cc5551ae69354f1c45a

COCOAPODS: 1.1.1
