// !$*UTF8*$!
{
	archiveVersion = 1;
	classes = {
	};
	objectVersion = 46;
	objects = {

/* Begin PBXBuildFile section */
		9F176DCF1E37B86C006082EA /* UIViewController+Extensions.swift in Sources */ = {isa = PBXBuildFile; fileRef = 9F176DCE1E37B86C006082EA /* UIViewController+Extensions.swift */; };
		9F176DD11E37C295006082EA /* ViewControllersFactory.swift in Sources */ = {isa = PBXBuildFile; fileRef = 9F176DD01E37C295006082EA /* ViewControllersFactory.swift */; };
		9F176DD31E37C3B1006082EA /* RouterController.swift in Sources */ = {isa = PBXBuildFile; fileRef = 9F176DD21E37C3B1006082EA /* RouterController.swift */; };
		9F1907B21E388CEE0056FAFD /* NotificationCenter+Extensions.swift in Sources */ = {isa = PBXBuildFile; fileRef = 9F1907B11E388CEE0056FAFD /* NotificationCenter+Extensions.swift */; };
		9F1907BA1E3893110056FAFD /* en-EN.txt in Resources */ = {isa = PBXBuildFile; fileRef = 9F1907B81E3893110056FAFD /* en-EN.txt */; };
		9F1907BB1E3893110056FAFD /* ru-RU.txt in Resources */ = {isa = PBXBuildFile; fileRef = 9F1907B91E3893110056FAFD /* ru-RU.txt */; };
		9F1907BD1E38942E0056FAFD /* Localizations.swift in Sources */ = {isa = PBXBuildFile; fileRef = 9F1907BC1E38942E0056FAFD /* Localizations.swift */; };
		9F1907C01E3897500056FAFD /* Collection+Extensions.swift in Sources */ = {isa = PBXBuildFile; fileRef = 9F1907BF1E3897500056FAFD /* Collection+Extensions.swift */; };
		9F54928E1E392D1E004FC272 /* Alamofire.framework in Frameworks */ = {isa = PBXBuildFile; fileRef = 9F54928C1E392D1E004FC272 /* Alamofire.framework */; };
		9F54928F1E392D1E004FC272 /* Nuke.framework in Frameworks */ = {isa = PBXBuildFile; fileRef = 9F54928D1E392D1E004FC272 /* Nuke.framework */; };
		9F5492951E392F27004FC272 /* Realm.framework in Frameworks */ = {isa = PBXBuildFile; fileRef = 9F5492921E392F27004FC272 /* Realm.framework */; };
		9F5492961E392F27004FC272 /* RealmSwift.framework in Frameworks */ = {isa = PBXBuildFile; fileRef = 9F5492931E392F27004FC272 /* RealmSwift.framework */; };
		9F5492971E392F27004FC272 /* SwiftyJSON.framework in Frameworks */ = {isa = PBXBuildFile; fileRef = 9F5492941E392F27004FC272 /* SwiftyJSON.framework */; };
		9F64CB921E377BB50038FB29 /* PushNotificationsController.swift in Sources */ = {isa = PBXBuildFile; fileRef = 9F64CB911E377BB50038FB29 /* PushNotificationsController.swift */; };
		9F64CB941E377CA00038FB29 /* NetworkRequestsController.swift in Sources */ = {isa = PBXBuildFile; fileRef = 9F64CB931E377CA00038FB29 /* NetworkRequestsController.swift */; };
		9F64CB971E377DA80038FB29 /* AppConfiguration.swift in Sources */ = {isa = PBXBuildFile; fileRef = 9F64CB961E377DA80038FB29 /* AppConfiguration.swift */; };
		9F7FBEC61E38007E0004BF69 /* Localizable.strings in Resources */ = {isa = PBXBuildFile; fileRef = 9F7FBEC81E38007E0004BF69 /* Localizable.strings */; };
		9F7FBECC1E38017B0004BF69 /* LocalizationController.swift in Sources */ = {isa = PBXBuildFile; fileRef = 9F7FBECB1E38017B0004BF69 /* LocalizationController.swift */; };
		9F8545101E2FD60D004964F5 /* AppDelegate.swift in Sources */ = {isa = PBXBuildFile; fileRef = 9F85450F1E2FD60D004964F5 /* AppDelegate.swift */; };
		9F8545151E2FD60D004964F5 /* Main.storyboard in Resources */ = {isa = PBXBuildFile; fileRef = 9F8545131E2FD60D004964F5 /* Main.storyboard */; };
		9F8545171E2FD60D004964F5 /* Assets.xcassets in Resources */ = {isa = PBXBuildFile; fileRef = 9F8545161E2FD60D004964F5 /* Assets.xcassets */; };
		9F85451A1E2FD60D004964F5 /* LaunchScreen.storyboard in Resources */ = {isa = PBXBuildFile; fileRef = 9F8545181E2FD60D004964F5 /* LaunchScreen.storyboard */; };
		9F8545291E2FD82A004964F5 /* SelectLanguageViewController.swift in Sources */ = {isa = PBXBuildFile; fileRef = 9F8545281E2FD82A004964F5 /* SelectLanguageViewController.swift */; };
		9F85452B1E2FD838004964F5 /* NewsFeedViewController.swift in Sources */ = {isa = PBXBuildFile; fileRef = 9F85452A1E2FD838004964F5 /* NewsFeedViewController.swift */; };
		9F85452D1E2FD846004964F5 /* NewsPreviewViewController.swift in Sources */ = {isa = PBXBuildFile; fileRef = 9F85452C1E2FD846004964F5 /* NewsPreviewViewController.swift */; };
		9F8545311E2FD868004964F5 /* MenuViewController.swift in Sources */ = {isa = PBXBuildFile; fileRef = 9F8545301E2FD868004964F5 /* MenuViewController.swift */; };
		9F8545341E2FD87D004964F5 /* ScheduleViewController.swift in Sources */ = {isa = PBXBuildFile; fileRef = 9F8545331E2FD87D004964F5 /* ScheduleViewController.swift */; };
		9F8545371E2FD896004964F5 /* ResultsViewController.swift in Sources */ = {isa = PBXBuildFile; fileRef = 9F8545361E2FD896004964F5 /* ResultsViewController.swift */; };
		9F8545391E2FD8A7004964F5 /* ResultsSearchViewController.swift in Sources */ = {isa = PBXBuildFile; fileRef = 9F8545381E2FD8A7004964F5 /* ResultsSearchViewController.swift */; };
		9F85453C1E2FD8C8004964F5 /* BroadcastViewController.swift in Sources */ = {isa = PBXBuildFile; fileRef = 9F85453B1E2FD8C8004964F5 /* BroadcastViewController.swift */; };
		9F85453F1E2FD8E4004964F5 /* ObjectsListViewController.swift in Sources */ = {isa = PBXBuildFile; fileRef = 9F85453E1E2FD8E4004964F5 /* ObjectsListViewController.swift */; };
		9F8545411E2FD8EE004964F5 /* ObjectPreviewViewController.swift in Sources */ = {isa = PBXBuildFile; fileRef = 9F8545401E2FD8EE004964F5 /* ObjectPreviewViewController.swift */; };
		9F8545431E2FD8F9004964F5 /* MapViewController.swift in Sources */ = {isa = PBXBuildFile; fileRef = 9F8545421E2FD8F9004964F5 /* MapViewController.swift */; };
		9F8545471E2FDD26004964F5 /* NewsRuntimeEntity.swift in Sources */ = {isa = PBXBuildFile; fileRef = 9F8545461E2FDD26004964F5 /* NewsRuntimeEntity.swift */; };
		9F8545491E2FDEDA004964F5 /* FashionLineView.swift in Sources */ = {isa = PBXBuildFile; fileRef = 9F8545481E2FDEDA004964F5 /* FashionLineView.swift */; };
		9FD765D81E3171B100E1375F /* NewsFeedPlainTableViewCell.swift in Sources */ = {isa = PBXBuildFile; fileRef = 9FD765D71E3171B100E1375F /* NewsFeedPlainTableViewCell.swift */; };
		9FD765DA1E31721700E1375F /* UITableView+Reusable.swift in Sources */ = {isa = PBXBuildFile; fileRef = 9FD765D91E31721700E1375F /* UITableView+Reusable.swift */; };
		9FD765DE1E31723300E1375F /* NibLoadable.swift in Sources */ = {isa = PBXBuildFile; fileRef = 9FD765DC1E31723300E1375F /* NibLoadable.swift */; };
		9FD765DF1E31723300E1375F /* Reusable.swift in Sources */ = {isa = PBXBuildFile; fileRef = 9FD765DD1E31723300E1375F /* Reusable.swift */; };
		9FFFA2381E3785ED00669B68 /* CustomModalTransition.swift in Sources */ = {isa = PBXBuildFile; fileRef = 9FFFA2371E3785ED00669B68 /* CustomModalTransition.swift */; };
		9FFFA24E1E37871B00669B68 /* Lato-Black.ttf in Resources */ = {isa = PBXBuildFile; fileRef = 9FFFA23C1E37870500669B68 /* Lato-Black.ttf */; };
		9FFFA24F1E37871B00669B68 /* Lato-BlackItalic.ttf in Resources */ = {isa = PBXBuildFile; fileRef = 9FFFA23D1E37870500669B68 /* Lato-BlackItalic.ttf */; };
		9FFFA2501E37871B00669B68 /* Lato-Bold.ttf in Resources */ = {isa = PBXBuildFile; fileRef = 9FFFA23E1E37870500669B68 /* Lato-Bold.ttf */; };
		9FFFA2511E37871B00669B68 /* Lato-BoldItalic.ttf in Resources */ = {isa = PBXBuildFile; fileRef = 9FFFA23F1E37870500669B68 /* Lato-BoldItalic.ttf */; };
		9FFFA2521E37871B00669B68 /* Lato-Hairline.ttf in Resources */ = {isa = PBXBuildFile; fileRef = 9FFFA2401E37870500669B68 /* Lato-Hairline.ttf */; };
		9FFFA2531E37871B00669B68 /* Lato-HairlineItalic.ttf in Resources */ = {isa = PBXBuildFile; fileRef = 9FFFA2411E37870500669B68 /* Lato-HairlineItalic.ttf */; };
		9FFFA2541E37871B00669B68 /* Lato-Heavy.ttf in Resources */ = {isa = PBXBuildFile; fileRef = 9FFFA2421E37870500669B68 /* Lato-Heavy.ttf */; };
		9FFFA2551E37871B00669B68 /* Lato-HeavyItalic.ttf in Resources */ = {isa = PBXBuildFile; fileRef = 9FFFA2431E37870500669B68 /* Lato-HeavyItalic.ttf */; };
		9FFFA2561E37871B00669B68 /* Lato-Italic.ttf in Resources */ = {isa = PBXBuildFile; fileRef = 9FFFA2441E37870500669B68 /* Lato-Italic.ttf */; };
		9FFFA2571E37871B00669B68 /* Lato-Light.ttf in Resources */ = {isa = PBXBuildFile; fileRef = 9FFFA2451E37870500669B68 /* Lato-Light.ttf */; };
		9FFFA2581E37871B00669B68 /* Lato-LightItalic.ttf in Resources */ = {isa = PBXBuildFile; fileRef = 9FFFA2461E37870500669B68 /* Lato-LightItalic.ttf */; };
		9FFFA2591E37871B00669B68 /* Lato-Medium.ttf in Resources */ = {isa = PBXBuildFile; fileRef = 9FFFA2471E37870500669B68 /* Lato-Medium.ttf */; };
		9FFFA25A1E37871B00669B68 /* Lato-MediumItalic.ttf in Resources */ = {isa = PBXBuildFile; fileRef = 9FFFA2481E37870500669B68 /* Lato-MediumItalic.ttf */; };
		9FFFA25B1E37871B00669B68 /* Lato-Regular.ttf in Resources */ = {isa = PBXBuildFile; fileRef = 9FFFA2491E37870500669B68 /* Lato-Regular.ttf */; };
		9FFFA25C1E37871B00669B68 /* Lato-Semibold.ttf in Resources */ = {isa = PBXBuildFile; fileRef = 9FFFA24A1E37870500669B68 /* Lato-Semibold.ttf */; };
		9FFFA25D1E37871B00669B68 /* Lato-SemiboldItalic.ttf in Resources */ = {isa = PBXBuildFile; fileRef = 9FFFA24B1E37870500669B68 /* Lato-SemiboldItalic.ttf */; };
		9FFFA25E1E37871B00669B68 /* Lato-Thin.ttf in Resources */ = {isa = PBXBuildFile; fileRef = 9FFFA24C1E37870500669B68 /* Lato-Thin.ttf */; };
		9FFFA25F1E37871B00669B68 /* Lato-ThinItalic.ttf in Resources */ = {isa = PBXBuildFile; fileRef = 9FFFA24D1E37870500669B68 /* Lato-ThinItalic.ttf */; };
		9FFFA2611E3787CE00669B68 /* AppFont.swift in Sources */ = {isa = PBXBuildFile; fileRef = 9FFFA2601E3787CE00669B68 /* AppFont.swift */; };
		9FFFA2631E378D9B00669B68 /* AppearanceController.swift in Sources */ = {isa = PBXBuildFile; fileRef = 9FFFA2621E378D9B00669B68 /* AppearanceController.swift */; };
		9FFFA2651E378EBE00669B68 /* AppColor.swift in Sources */ = {isa = PBXBuildFile; fileRef = 9FFFA2641E378EBE00669B68 /* AppColor.swift */; };
		9FFFA2691E37902200669B68 /* NavigationViewController.swift in Sources */ = {isa = PBXBuildFile; fileRef = 9FFFA2681E37902200669B68 /* NavigationViewController.swift */; };
		9FFFA26B1E37917000669B68 /* Image+Extensions.swift in Sources */ = {isa = PBXBuildFile; fileRef = 9FFFA26A1E37917000669B68 /* Image+Extensions.swift */; };
		9FFFA26D1E3794DC00669B68 /* NewsFeedImageTableViewCell.swift in Sources */ = {isa = PBXBuildFile; fileRef = 9FFFA26C1E3794DC00669B68 /* NewsFeedImageTableViewCell.swift */; };
		9FFFA2711E37A29000669B68 /* Fabric.framework in Frameworks */ = {isa = PBXBuildFile; fileRef = 9FFFA26F1E37A29000669B68 /* Fabric.framework */; };
		9FFFA2721E37A29000669B68 /* Crashlytics.framework in Frameworks */ = {isa = PBXBuildFile; fileRef = 9FFFA2701E37A29000669B68 /* Crashlytics.framework */; };
		9FFFA2751E37B0C100669B68 /* NewsPreviewDescriptionTableViewCell.swift in Sources */ = {isa = PBXBuildFile; fileRef = 9FFFA2741E37B0C100669B68 /* NewsPreviewDescriptionTableViewCell.swift */; };
/* End PBXBuildFile section */

/* Begin PBXFileReference section */
		9F176DCE1E37B86C006082EA /* UIViewController+Extensions.swift */ = {isa = PBXFileReference; fileEncoding = 4; lastKnownFileType = sourcecode.swift; path = "UIViewController+Extensions.swift"; sourceTree = "<group>"; };
		9F176DD01E37C295006082EA /* ViewControllersFactory.swift */ = {isa = PBXFileReference; fileEncoding = 4; lastKnownFileType = sourcecode.swift; path = ViewControllersFactory.swift; sourceTree = "<group>"; };
		9F176DD21E37C3B1006082EA /* RouterController.swift */ = {isa = PBXFileReference; fileEncoding = 4; lastKnownFileType = sourcecode.swift; path = RouterController.swift; sourceTree = "<group>"; };
		9F1907B11E388CEE0056FAFD /* NotificationCenter+Extensions.swift */ = {isa = PBXFileReference; fileEncoding = 4; lastKnownFileType = sourcecode.swift; path = "NotificationCenter+Extensions.swift"; sourceTree = "<group>"; };
		9F1907B81E3893110056FAFD /* en-EN.txt */ = {isa = PBXFileReference; fileEncoding = 4; lastKnownFileType = text; name = "en-EN.txt"; path = "Localization/en-EN.txt"; sourceTree = "<group>"; };
		9F1907B91E3893110056FAFD /* ru-RU.txt */ = {isa = PBXFileReference; fileEncoding = 4; lastKnownFileType = text; name = "ru-RU.txt"; path = "Localization/ru-RU.txt"; sourceTree = "<group>"; };
		9F1907BC1E38942E0056FAFD /* Localizations.swift */ = {isa = PBXFileReference; fileEncoding = 4; lastKnownFileType = sourcecode.swift; name = Localizations.swift; path = Localization/Localizations.swift; sourceTree = "<group>"; };
		9F1907BF1E3897500056FAFD /* Collection+Extensions.swift */ = {isa = PBXFileReference; fileEncoding = 4; lastKnownFileType = sourcecode.swift; path = "Collection+Extensions.swift"; sourceTree = "<group>"; };
		9F54928C1E392D1E004FC272 /* Alamofire.framework */ = {isa = PBXFileReference; lastKnownFileType = wrapper.framework; name = Alamofire.framework; path = Carthage/Build/iOS/Alamofire.framework; sourceTree = "<group>"; };
		9F54928D1E392D1E004FC272 /* Nuke.framework */ = {isa = PBXFileReference; lastKnownFileType = wrapper.framework; name = Nuke.framework; path = Carthage/Build/iOS/Nuke.framework; sourceTree = "<group>"; };
		9F5492921E392F27004FC272 /* Realm.framework */ = {isa = PBXFileReference; lastKnownFileType = wrapper.framework; name = Realm.framework; path = Carthage/Build/iOS/Realm.framework; sourceTree = "<group>"; };
		9F5492931E392F27004FC272 /* RealmSwift.framework */ = {isa = PBXFileReference; lastKnownFileType = wrapper.framework; name = RealmSwift.framework; path = Carthage/Build/iOS/RealmSwift.framework; sourceTree = "<group>"; };
		9F5492941E392F27004FC272 /* SwiftyJSON.framework */ = {isa = PBXFileReference; lastKnownFileType = wrapper.framework; name = SwiftyJSON.framework; path = Carthage/Build/iOS/SwiftyJSON.framework; sourceTree = "<group>"; };
		9F64CB901E37783A0038FB29 /* CWWG.entitlements */ = {isa = PBXFileReference; lastKnownFileType = text.plist.entitlements; path = CWWG.entitlements; sourceTree = "<group>"; };
		9F64CB911E377BB50038FB29 /* PushNotificationsController.swift */ = {isa = PBXFileReference; fileEncoding = 4; lastKnownFileType = sourcecode.swift; path = PushNotificationsController.swift; sourceTree = "<group>"; };
		9F64CB931E377CA00038FB29 /* NetworkRequestsController.swift */ = {isa = PBXFileReference; fileEncoding = 4; lastKnownFileType = sourcecode.swift; path = NetworkRequestsController.swift; sourceTree = "<group>"; };
		9F64CB961E377DA80038FB29 /* AppConfiguration.swift */ = {isa = PBXFileReference; fileEncoding = 4; lastKnownFileType = sourcecode.swift; path = AppConfiguration.swift; sourceTree = "<group>"; };
		9F7FBEC91E38007F0004BF69 /* en */ = {isa = PBXFileReference; lastKnownFileType = text.plist.strings; name = en; path = en.lproj/Localizable.strings; sourceTree = "<group>"; };
		9F7FBECA1E3800800004BF69 /* ru-RU */ = {isa = PBXFileReference; lastKnownFileType = text.plist.strings; name = "ru-RU"; path = "ru-RU.lproj/Localizable.strings"; sourceTree = "<group>"; };
		9F7FBECB1E38017B0004BF69 /* LocalizationController.swift */ = {isa = PBXFileReference; fileEncoding = 4; lastKnownFileType = sourcecode.swift; path = LocalizationController.swift; sourceTree = "<group>"; };
		9F85450C1E2FD60D004964F5 /* CWWG.app */ = {isa = PBXFileReference; explicitFileType = wrapper.application; includeInIndex = 0; path = CWWG.app; sourceTree = BUILT_PRODUCTS_DIR; };
		9F85450F1E2FD60D004964F5 /* AppDelegate.swift */ = {isa = PBXFileReference; lastKnownFileType = sourcecode.swift; path = AppDelegate.swift; sourceTree = "<group>"; };
		9F8545141E2FD60D004964F5 /* Base */ = {isa = PBXFileReference; lastKnownFileType = file.storyboard; name = Base; path = Base.lproj/Main.storyboard; sourceTree = "<group>"; };
		9F8545161E2FD60D004964F5 /* Assets.xcassets */ = {isa = PBXFileReference; lastKnownFileType = folder.assetcatalog; path = Assets.xcassets; sourceTree = "<group>"; };
		9F8545191E2FD60D004964F5 /* Base */ = {isa = PBXFileReference; lastKnownFileType = file.storyboard; name = Base; path = Base.lproj/LaunchScreen.storyboard; sourceTree = "<group>"; };
		9F85451B1E2FD60D004964F5 /* Info.plist */ = {isa = PBXFileReference; lastKnownFileType = text.plist.xml; path = Info.plist; sourceTree = "<group>"; };
		9F8545281E2FD82A004964F5 /* SelectLanguageViewController.swift */ = {isa = PBXFileReference; fileEncoding = 4; lastKnownFileType = sourcecode.swift; path = SelectLanguageViewController.swift; sourceTree = "<group>"; };
		9F85452A1E2FD838004964F5 /* NewsFeedViewController.swift */ = {isa = PBXFileReference; fileEncoding = 4; lastKnownFileType = sourcecode.swift; path = NewsFeedViewController.swift; sourceTree = "<group>"; };
		9F85452C1E2FD846004964F5 /* NewsPreviewViewController.swift */ = {isa = PBXFileReference; fileEncoding = 4; lastKnownFileType = sourcecode.swift; path = NewsPreviewViewController.swift; sourceTree = "<group>"; };
		9F8545301E2FD868004964F5 /* MenuViewController.swift */ = {isa = PBXFileReference; fileEncoding = 4; lastKnownFileType = sourcecode.swift; path = MenuViewController.swift; sourceTree = "<group>"; };
		9F8545331E2FD87D004964F5 /* ScheduleViewController.swift */ = {isa = PBXFileReference; fileEncoding = 4; lastKnownFileType = sourcecode.swift; path = ScheduleViewController.swift; sourceTree = "<group>"; };
		9F8545361E2FD896004964F5 /* ResultsViewController.swift */ = {isa = PBXFileReference; fileEncoding = 4; lastKnownFileType = sourcecode.swift; path = ResultsViewController.swift; sourceTree = "<group>"; };
		9F8545381E2FD8A7004964F5 /* ResultsSearchViewController.swift */ = {isa = PBXFileReference; fileEncoding = 4; lastKnownFileType = sourcecode.swift; path = ResultsSearchViewController.swift; sourceTree = "<group>"; };
		9F85453B1E2FD8C8004964F5 /* BroadcastViewController.swift */ = {isa = PBXFileReference; fileEncoding = 4; lastKnownFileType = sourcecode.swift; path = BroadcastViewController.swift; sourceTree = "<group>"; };
		9F85453E1E2FD8E4004964F5 /* ObjectsListViewController.swift */ = {isa = PBXFileReference; fileEncoding = 4; lastKnownFileType = sourcecode.swift; path = ObjectsListViewController.swift; sourceTree = "<group>"; };
		9F8545401E2FD8EE004964F5 /* ObjectPreviewViewController.swift */ = {isa = PBXFileReference; fileEncoding = 4; lastKnownFileType = sourcecode.swift; path = ObjectPreviewViewController.swift; sourceTree = "<group>"; };
		9F8545421E2FD8F9004964F5 /* MapViewController.swift */ = {isa = PBXFileReference; fileEncoding = 4; lastKnownFileType = sourcecode.swift; path = MapViewController.swift; sourceTree = "<group>"; };
		9F8545461E2FDD26004964F5 /* NewsRuntimeEntity.swift */ = {isa = PBXFileReference; fileEncoding = 4; lastKnownFileType = sourcecode.swift; path = NewsRuntimeEntity.swift; sourceTree = "<group>"; };
		9F8545481E2FDEDA004964F5 /* FashionLineView.swift */ = {isa = PBXFileReference; fileEncoding = 4; lastKnownFileType = sourcecode.swift; path = FashionLineView.swift; sourceTree = "<group>"; };
		9FD765D71E3171B100E1375F /* NewsFeedPlainTableViewCell.swift */ = {isa = PBXFileReference; fileEncoding = 4; lastKnownFileType = sourcecode.swift; path = NewsFeedPlainTableViewCell.swift; sourceTree = "<group>"; };
		9FD765D91E31721700E1375F /* UITableView+Reusable.swift */ = {isa = PBXFileReference; fileEncoding = 4; lastKnownFileType = sourcecode.swift; path = "UITableView+Reusable.swift"; sourceTree = "<group>"; };
		9FD765DC1E31723300E1375F /* NibLoadable.swift */ = {isa = PBXFileReference; fileEncoding = 4; lastKnownFileType = sourcecode.swift; path = NibLoadable.swift; sourceTree = "<group>"; };
		9FD765DD1E31723300E1375F /* Reusable.swift */ = {isa = PBXFileReference; fileEncoding = 4; lastKnownFileType = sourcecode.swift; path = Reusable.swift; sourceTree = "<group>"; };
		9FFFA2371E3785ED00669B68 /* CustomModalTransition.swift */ = {isa = PBXFileReference; fileEncoding = 4; lastKnownFileType = sourcecode.swift; path = CustomModalTransition.swift; sourceTree = "<group>"; };
		9FFFA23C1E37870500669B68 /* Lato-Black.ttf */ = {isa = PBXFileReference; lastKnownFileType = file; path = "Lato-Black.ttf"; sourceTree = "<group>"; };
		9FFFA23D1E37870500669B68 /* Lato-BlackItalic.ttf */ = {isa = PBXFileReference; lastKnownFileType = file; path = "Lato-BlackItalic.ttf"; sourceTree = "<group>"; };
		9FFFA23E1E37870500669B68 /* Lato-Bold.ttf */ = {isa = PBXFileReference; lastKnownFileType = file; path = "Lato-Bold.ttf"; sourceTree = "<group>"; };
		9FFFA23F1E37870500669B68 /* Lato-BoldItalic.ttf */ = {isa = PBXFileReference; lastKnownFileType = file; path = "Lato-BoldItalic.ttf"; sourceTree = "<group>"; };
		9FFFA2401E37870500669B68 /* Lato-Hairline.ttf */ = {isa = PBXFileReference; lastKnownFileType = file; path = "Lato-Hairline.ttf"; sourceTree = "<group>"; };
		9FFFA2411E37870500669B68 /* Lato-HairlineItalic.ttf */ = {isa = PBXFileReference; lastKnownFileType = file; path = "Lato-HairlineItalic.ttf"; sourceTree = "<group>"; };
		9FFFA2421E37870500669B68 /* Lato-Heavy.ttf */ = {isa = PBXFileReference; lastKnownFileType = file; path = "Lato-Heavy.ttf"; sourceTree = "<group>"; };
		9FFFA2431E37870500669B68 /* Lato-HeavyItalic.ttf */ = {isa = PBXFileReference; lastKnownFileType = file; path = "Lato-HeavyItalic.ttf"; sourceTree = "<group>"; };
		9FFFA2441E37870500669B68 /* Lato-Italic.ttf */ = {isa = PBXFileReference; lastKnownFileType = file; path = "Lato-Italic.ttf"; sourceTree = "<group>"; };
		9FFFA2451E37870500669B68 /* Lato-Light.ttf */ = {isa = PBXFileReference; lastKnownFileType = file; path = "Lato-Light.ttf"; sourceTree = "<group>"; };
		9FFFA2461E37870500669B68 /* Lato-LightItalic.ttf */ = {isa = PBXFileReference; lastKnownFileType = file; path = "Lato-LightItalic.ttf"; sourceTree = "<group>"; };
		9FFFA2471E37870500669B68 /* Lato-Medium.ttf */ = {isa = PBXFileReference; lastKnownFileType = file; path = "Lato-Medium.ttf"; sourceTree = "<group>"; };
		9FFFA2481E37870500669B68 /* Lato-MediumItalic.ttf */ = {isa = PBXFileReference; lastKnownFileType = file; path = "Lato-MediumItalic.ttf"; sourceTree = "<group>"; };
		9FFFA2491E37870500669B68 /* Lato-Regular.ttf */ = {isa = PBXFileReference; lastKnownFileType = file; path = "Lato-Regular.ttf"; sourceTree = "<group>"; };
		9FFFA24A1E37870500669B68 /* Lato-Semibold.ttf */ = {isa = PBXFileReference; lastKnownFileType = file; path = "Lato-Semibold.ttf"; sourceTree = "<group>"; };
		9FFFA24B1E37870500669B68 /* Lato-SemiboldItalic.ttf */ = {isa = PBXFileReference; lastKnownFileType = file; path = "Lato-SemiboldItalic.ttf"; sourceTree = "<group>"; };
		9FFFA24C1E37870500669B68 /* Lato-Thin.ttf */ = {isa = PBXFileReference; lastKnownFileType = file; path = "Lato-Thin.ttf"; sourceTree = "<group>"; };
		9FFFA24D1E37870500669B68 /* Lato-ThinItalic.ttf */ = {isa = PBXFileReference; lastKnownFileType = file; path = "Lato-ThinItalic.ttf"; sourceTree = "<group>"; };
		9FFFA2601E3787CE00669B68 /* AppFont.swift */ = {isa = PBXFileReference; fileEncoding = 4; lastKnownFileType = sourcecode.swift; path = AppFont.swift; sourceTree = "<group>"; };
		9FFFA2621E378D9B00669B68 /* AppearanceController.swift */ = {isa = PBXFileReference; fileEncoding = 4; lastKnownFileType = sourcecode.swift; path = AppearanceController.swift; sourceTree = "<group>"; };
		9FFFA2641E378EBE00669B68 /* AppColor.swift */ = {isa = PBXFileReference; fileEncoding = 4; lastKnownFileType = sourcecode.swift; path = AppColor.swift; sourceTree = "<group>"; };
		9FFFA2681E37902200669B68 /* NavigationViewController.swift */ = {isa = PBXFileReference; fileEncoding = 4; lastKnownFileType = sourcecode.swift; path = NavigationViewController.swift; sourceTree = "<group>"; };
		9FFFA26A1E37917000669B68 /* Image+Extensions.swift */ = {isa = PBXFileReference; fileEncoding = 4; lastKnownFileType = sourcecode.swift; path = "Image+Extensions.swift"; sourceTree = "<group>"; };
		9FFFA26C1E3794DC00669B68 /* NewsFeedImageTableViewCell.swift */ = {isa = PBXFileReference; fileEncoding = 4; lastKnownFileType = sourcecode.swift; path = NewsFeedImageTableViewCell.swift; sourceTree = "<group>"; };
		9FFFA26F1E37A29000669B68 /* Fabric.framework */ = {isa = PBXFileReference; lastKnownFileType = wrapper.framework; path = Fabric.framework; sourceTree = "<group>"; };
		9FFFA2701E37A29000669B68 /* Crashlytics.framework */ = {isa = PBXFileReference; lastKnownFileType = wrapper.framework; path = Crashlytics.framework; sourceTree = "<group>"; };
		9FFFA2741E37B0C100669B68 /* NewsPreviewDescriptionTableViewCell.swift */ = {isa = PBXFileReference; fileEncoding = 4; lastKnownFileType = sourcecode.swift; path = NewsPreviewDescriptionTableViewCell.swift; sourceTree = "<group>"; };
/* End PBXFileReference section */

/* Begin PBXFrameworksBuildPhase section */
		9F8545091E2FD60D004964F5 /* Frameworks */ = {
			isa = PBXFrameworksBuildPhase;
			buildActionMask = 2147483647;
			files = (
				9FFFA2721E37A29000669B68 /* Crashlytics.framework in Frameworks */,
				9FFFA2711E37A29000669B68 /* Fabric.framework in Frameworks */,
				9F54928E1E392D1E004FC272 /* Alamofire.framework in Frameworks */,
				9F54928F1E392D1E004FC272 /* Nuke.framework in Frameworks */,
				9F5492951E392F27004FC272 /* Realm.framework in Frameworks */,
				9F5492961E392F27004FC272 /* RealmSwift.framework in Frameworks */,
				9F5492971E392F27004FC272 /* SwiftyJSON.framework in Frameworks */,
			);
			runOnlyForDeploymentPostprocessing = 0;
		};
/* End PBXFrameworksBuildPhase section */

/* Begin PBXGroup section */
		457C04A816D03D9B5129D9B7 /* Frameworks */ = {
			isa = PBXGroup;
			children = (
				9F5492921E392F27004FC272 /* Realm.framework */,
				9F5492931E392F27004FC272 /* RealmSwift.framework */,
				9F5492941E392F27004FC272 /* SwiftyJSON.framework */,
				9F54928C1E392D1E004FC272 /* Alamofire.framework */,
				9F54928D1E392D1E004FC272 /* Nuke.framework */,
				9FFFA26F1E37A29000669B68 /* Fabric.framework */,
				9FFFA2701E37A29000669B68 /* Crashlytics.framework */,
			);
			name = Frameworks;
			sourceTree = "<group>";
		};
		9F1907B31E3892F10056FAFD /* Localizations */ = {
			isa = PBXGroup;
			children = (
				9F1907B81E3893110056FAFD /* en-EN.txt */,
				9F1907B91E3893110056FAFD /* ru-RU.txt */,
			);
			name = Localizations;
			sourceTree = "<group>";
		};
		9F1907BE1E3894310056FAFD /* Localization */ = {
			isa = PBXGroup;
			children = (
				9F7FBECB1E38017B0004BF69 /* LocalizationController.swift */,
				9F1907BC1E38942E0056FAFD /* Localizations.swift */,
			);
			name = Localization;
			sourceTree = "<group>";
		};
		9F64CB951E377D830038FB29 /* Classes */ = {
			isa = PBXGroup;
			children = (
				9FFFA2361E3785D100669B68 /* Transitions */,
				9F64CB961E377DA80038FB29 /* AppConfiguration.swift */,
				9FD765DC1E31723300E1375F /* NibLoadable.swift */,
				9FD765DD1E31723300E1375F /* Reusable.swift */,
				9FD765D91E31721700E1375F /* UITableView+Reusable.swift */,
				9FFFA2661E378EC000669B68 /* Appearance */,
			);
			name = Classes;
			sourceTree = "<group>";
		};
		9F8545031E2FD60D004964F5 = {
			isa = PBXGroup;
			children = (
				9F85450E1E2FD60D004964F5 /* CWWG */,
				9F85450D1E2FD60D004964F5 /* Products */,
				457C04A816D03D9B5129D9B7 /* Frameworks */,
			);
			sourceTree = "<group>";
		};
		9F85450D1E2FD60D004964F5 /* Products */ = {
			isa = PBXGroup;
			children = (
				9F85450C1E2FD60D004964F5 /* CWWG.app */,
			);
			name = Products;
			sourceTree = "<group>";
		};
		9F85450E1E2FD60D004964F5 /* CWWG */ = {
			isa = PBXGroup;
			children = (
				9F8545221E2FD77A004964F5 /* Sources */,
				9F8545211E2FD76F004964F5 /* Resources */,
			);
			path = CWWG;
			sourceTree = "<group>";
		};
		9F8545211E2FD76F004964F5 /* Resources */ = {
			isa = PBXGroup;
			children = (
				9F1907B31E3892F10056FAFD /* Localizations */,
				9F7FBEC81E38007E0004BF69 /* Localizable.strings */,
				9FFFA23B1E3786EB00669B68 /* CustomFont */,
				9F64CB901E37783A0038FB29 /* CWWG.entitlements */,
				9F8545161E2FD60D004964F5 /* Assets.xcassets */,
				9F8545181E2FD60D004964F5 /* LaunchScreen.storyboard */,
				9F85451B1E2FD60D004964F5 /* Info.plist */,
			);
			name = Resources;
			sourceTree = "<group>";
		};
		9F8545221E2FD77A004964F5 /* Sources */ = {
			isa = PBXGroup;
			children = (
				9F85450F1E2FD60D004964F5 /* AppDelegate.swift */,
				9F8545131E2FD60D004964F5 /* Main.storyboard */,
				9F8545241E2FD7BC004964F5 /* Common */,
				9F8545251E2FD7CE004964F5 /* Model */,
				9F8545261E2FD7E3004964F5 /* Controllers */,
				9F8545231E2FD7B4004964F5 /* ViewControllers */,
				9F8545271E2FD7F3004964F5 /* Views */,
			);
			name = Sources;
			sourceTree = "<group>";
		};
		9F8545231E2FD7B4004964F5 /* ViewControllers */ = {
			isa = PBXGroup;
			children = (
				9FFFA2671E37900F00669B68 /* NavigationController */,
				9F85453D1E2FD8D0004964F5 /* Objects */,
				9F85453A1E2FD8B0004964F5 /* Broadcast */,
				9F8545351E2FD885004964F5 /* Results */,
				9F8545321E2FD874004964F5 /* Schedule */,
				9F85452F1E2FD850004964F5 /* Base */,
				9F85452E1E2FD849004964F5 /* News */,
			);
			name = ViewControllers;
			sourceTree = "<group>";
		};
		9F8545241E2FD7BC004964F5 /* Common */ = {
			isa = PBXGroup;
			children = (
				9F64CB951E377D830038FB29 /* Classes */,
				9FD765DB1E31721900E1375F /* Extensions */,
			);
			name = Common;
			sourceTree = "<group>";
		};
		9F8545251E2FD7CE004964F5 /* Model */ = {
			isa = PBXGroup;
			children = (
				9F8545451E2FDD18004964F5 /* Runtime */,
			);
			name = Model;
			sourceTree = "<group>";
		};
		9F8545261E2FD7E3004964F5 /* Controllers */ = {
			isa = PBXGroup;
			children = (
				9F64CB911E377BB50038FB29 /* PushNotificationsController.swift */,
				9F64CB931E377CA00038FB29 /* NetworkRequestsController.swift */,
				9FFFA2621E378D9B00669B68 /* AppearanceController.swift */,
				9F176DD01E37C295006082EA /* ViewControllersFactory.swift */,
				9F176DD21E37C3B1006082EA /* RouterController.swift */,
				9F1907BE1E3894310056FAFD /* Localization */,
			);
			name = Controllers;
			sourceTree = "<group>";
		};
		9F8545271E2FD7F3004964F5 /* Views */ = {
			isa = PBXGroup;
			children = (
				9F8545481E2FDEDA004964F5 /* FashionLineView.swift */,
			);
			name = Views;
			sourceTree = "<group>";
		};
		9F85452E1E2FD849004964F5 /* News */ = {
			isa = PBXGroup;
			children = (
				9FD765D51E31716200E1375F /* Feed */,
				9FD765E01E31724F00E1375F /* Preview */,
			);
			name = News;
			sourceTree = "<group>";
		};
		9F85452F1E2FD850004964F5 /* Base */ = {
			isa = PBXGroup;
			children = (
				9F8545281E2FD82A004964F5 /* SelectLanguageViewController.swift */,
				9F8545301E2FD868004964F5 /* MenuViewController.swift */,
			);
			name = Base;
			sourceTree = "<group>";
		};
		9F8545321E2FD874004964F5 /* Schedule */ = {
			isa = PBXGroup;
			children = (
				9F8545331E2FD87D004964F5 /* ScheduleViewController.swift */,
			);
			name = Schedule;
			sourceTree = "<group>";
		};
		9F8545351E2FD885004964F5 /* Results */ = {
			isa = PBXGroup;
			children = (
				9F8545361E2FD896004964F5 /* ResultsViewController.swift */,
				9F8545381E2FD8A7004964F5 /* ResultsSearchViewController.swift */,
			);
			name = Results;
			sourceTree = "<group>";
		};
		9F85453A1E2FD8B0004964F5 /* Broadcast */ = {
			isa = PBXGroup;
			children = (
				9F85453B1E2FD8C8004964F5 /* BroadcastViewController.swift */,
			);
			name = Broadcast;
			sourceTree = "<group>";
		};
		9F85453D1E2FD8D0004964F5 /* Objects */ = {
			isa = PBXGroup;
			children = (
				9F85453E1E2FD8E4004964F5 /* ObjectsListViewController.swift */,
				9F8545401E2FD8EE004964F5 /* ObjectPreviewViewController.swift */,
				9F8545421E2FD8F9004964F5 /* MapViewController.swift */,
			);
			name = Objects;
			sourceTree = "<group>";
		};
		9F8545451E2FDD18004964F5 /* Runtime */ = {
			isa = PBXGroup;
			children = (
				9F8545461E2FDD26004964F5 /* NewsRuntimeEntity.swift */,
			);
			name = Runtime;
			sourceTree = "<group>";
		};
		9FD765D51E31716200E1375F /* Feed */ = {
			isa = PBXGroup;
			children = (
				9FD765D61E31716600E1375F /* Cells */,
				9F85452A1E2FD838004964F5 /* NewsFeedViewController.swift */,
			);
			name = Feed;
			sourceTree = "<group>";
		};
		9FD765D61E31716600E1375F /* Cells */ = {
			isa = PBXGroup;
			children = (
				9FD765D71E3171B100E1375F /* NewsFeedPlainTableViewCell.swift */,
				9FFFA26C1E3794DC00669B68 /* NewsFeedImageTableViewCell.swift */,
			);
			name = Cells;
			sourceTree = "<group>";
		};
		9FD765DB1E31721900E1375F /* Extensions */ = {
			isa = PBXGroup;
			children = (
				9FFFA26A1E37917000669B68 /* Image+Extensions.swift */,
				9F176DCE1E37B86C006082EA /* UIViewController+Extensions.swift */,
				9F1907B11E388CEE0056FAFD /* NotificationCenter+Extensions.swift */,
				9F1907BF1E3897500056FAFD /* Collection+Extensions.swift */,
			);
			name = Extensions;
			sourceTree = "<group>";
		};
		9FD765E01E31724F00E1375F /* Preview */ = {
			isa = PBXGroup;
			children = (
				9FFFA2731E37B0B300669B68 /* Cells */,
				9F85452C1E2FD846004964F5 /* NewsPreviewViewController.swift */,
			);
			name = Preview;
			sourceTree = "<group>";
		};
		9FFFA2361E3785D100669B68 /* Transitions */ = {
			isa = PBXGroup;
			children = (
				9FFFA2371E3785ED00669B68 /* CustomModalTransition.swift */,
			);
			name = Transitions;
			sourceTree = "<group>";
		};
		9FFFA23B1E3786EB00669B68 /* CustomFont */ = {
			isa = PBXGroup;
			children = (
				9FFFA23C1E37870500669B68 /* Lato-Black.ttf */,
				9FFFA23D1E37870500669B68 /* Lato-BlackItalic.ttf */,
				9FFFA23E1E37870500669B68 /* Lato-Bold.ttf */,
				9FFFA23F1E37870500669B68 /* Lato-BoldItalic.ttf */,
				9FFFA2401E37870500669B68 /* Lato-Hairline.ttf */,
				9FFFA2411E37870500669B68 /* Lato-HairlineItalic.ttf */,
				9FFFA2421E37870500669B68 /* Lato-Heavy.ttf */,
				9FFFA2431E37870500669B68 /* Lato-HeavyItalic.ttf */,
				9FFFA2441E37870500669B68 /* Lato-Italic.ttf */,
				9FFFA2451E37870500669B68 /* Lato-Light.ttf */,
				9FFFA2461E37870500669B68 /* Lato-LightItalic.ttf */,
				9FFFA2471E37870500669B68 /* Lato-Medium.ttf */,
				9FFFA2481E37870500669B68 /* Lato-MediumItalic.ttf */,
				9FFFA2491E37870500669B68 /* Lato-Regular.ttf */,
				9FFFA24A1E37870500669B68 /* Lato-Semibold.ttf */,
				9FFFA24B1E37870500669B68 /* Lato-SemiboldItalic.ttf */,
				9FFFA24C1E37870500669B68 /* Lato-Thin.ttf */,
				9FFFA24D1E37870500669B68 /* Lato-ThinItalic.ttf */,
			);
			name = CustomFont;
			sourceTree = "<group>";
		};
		9FFFA2661E378EC000669B68 /* Appearance */ = {
			isa = PBXGroup;
			children = (
				9FFFA2601E3787CE00669B68 /* AppFont.swift */,
				9FFFA2641E378EBE00669B68 /* AppColor.swift */,
			);
			name = Appearance;
			sourceTree = "<group>";
		};
		9FFFA2671E37900F00669B68 /* NavigationController */ = {
			isa = PBXGroup;
			children = (
				9FFFA2681E37902200669B68 /* NavigationViewController.swift */,
			);
			name = NavigationController;
			sourceTree = "<group>";
		};
		9FFFA2731E37B0B300669B68 /* Cells */ = {
			isa = PBXGroup;
			children = (
				9FFFA2741E37B0C100669B68 /* NewsPreviewDescriptionTableViewCell.swift */,
			);
			name = Cells;
			sourceTree = "<group>";
		};
/* End PBXGroup section */

/* Begin PBXNativeTarget section */
		9F85450B1E2FD60D004964F5 /* CWWG */ = {
			isa = PBXNativeTarget;
			buildConfigurationList = 9F85451E1E2FD60D004964F5 /* Build configuration list for PBXNativeTarget "CWWG" */;
			buildPhases = (
				9F8545081E2FD60D004964F5 /* Sources */,
				9F8545091E2FD60D004964F5 /* Frameworks */,
				9F85450A1E2FD60D004964F5 /* Resources */,
				9FFFA26E1E37A27700669B68 /* Fabric */,
				9F5492911E392D36004FC272 /* ShellScript */,
			);
			buildRules = (
			);
			dependencies = (
			);
			name = CWWG;
			productName = CWWG;
			productReference = 9F85450C1E2FD60D004964F5 /* CWWG.app */;
			productType = "com.apple.product-type.application";
		};
/* End PBXNativeTarget section */

/* Begin PBXProject section */
		9F8545041E2FD60D004964F5 /* Project object */ = {
			isa = PBXProject;
			attributes = {
				LastSwiftUpdateCheck = 0820;
				LastUpgradeCheck = 0820;
				ORGANIZATIONNAME = "CWWG Team";
				TargetAttributes = {
					9F85450B1E2FD60D004964F5 = {
						CreatedOnToolsVersion = 8.2.1;
						DevelopmentTeam = SGAF76T5DB;
						ProvisioningStyle = Automatic;
						SystemCapabilities = {
							com.apple.Push = {
								enabled = 1;
							};
						};
					};
				};
			};
			buildConfigurationList = 9F8545071E2FD60D004964F5 /* Build configuration list for PBXProject "CWWG" */;
			compatibilityVersion = "Xcode 3.2";
			developmentRegion = English;
			hasScannedForEncodings = 0;
			knownRegions = (
				en,
				Base,
				"ru-RU",
			);
			mainGroup = 9F8545031E2FD60D004964F5;
			productRefGroup = 9F85450D1E2FD60D004964F5 /* Products */;
			projectDirPath = "";
			projectRoot = "";
			targets = (
				9F85450B1E2FD60D004964F5 /* CWWG */,
			);
		};
/* End PBXProject section */

/* Begin PBXResourcesBuildPhase section */
		9F85450A1E2FD60D004964F5 /* Resources */ = {
			isa = PBXResourcesBuildPhase;
			buildActionMask = 2147483647;
			files = (
				9FFFA24E1E37871B00669B68 /* Lato-Black.ttf in Resources */,
				9FFFA24F1E37871B00669B68 /* Lato-BlackItalic.ttf in Resources */,
				9FFFA2501E37871B00669B68 /* Lato-Bold.ttf in Resources */,
				9FFFA2511E37871B00669B68 /* Lato-BoldItalic.ttf in Resources */,
				9FFFA2521E37871B00669B68 /* Lato-Hairline.ttf in Resources */,
				9FFFA2531E37871B00669B68 /* Lato-HairlineItalic.ttf in Resources */,
				9FFFA2541E37871B00669B68 /* Lato-Heavy.ttf in Resources */,
				9FFFA2551E37871B00669B68 /* Lato-HeavyItalic.ttf in Resources */,
				9F1907BB1E3893110056FAFD /* ru-RU.txt in Resources */,
				9FFFA2561E37871B00669B68 /* Lato-Italic.ttf in Resources */,
				9FFFA2571E37871B00669B68 /* Lato-Light.ttf in Resources */,
				9FFFA2581E37871B00669B68 /* Lato-LightItalic.ttf in Resources */,
				9FFFA2591E37871B00669B68 /* Lato-Medium.ttf in Resources */,
				9FFFA25A1E37871B00669B68 /* Lato-MediumItalic.ttf in Resources */,
				9F7FBEC61E38007E0004BF69 /* Localizable.strings in Resources */,
				9FFFA25B1E37871B00669B68 /* Lato-Regular.ttf in Resources */,
				9FFFA25C1E37871B00669B68 /* Lato-Semibold.ttf in Resources */,
				9FFFA25D1E37871B00669B68 /* Lato-SemiboldItalic.ttf in Resources */,
				9F1907BA1E3893110056FAFD /* en-EN.txt in Resources */,
				9FFFA25E1E37871B00669B68 /* Lato-Thin.ttf in Resources */,
				9FFFA25F1E37871B00669B68 /* Lato-ThinItalic.ttf in Resources */,
				9F85451A1E2FD60D004964F5 /* LaunchScreen.storyboard in Resources */,
				9F8545171E2FD60D004964F5 /* Assets.xcassets in Resources */,
				9F8545151E2FD60D004964F5 /* Main.storyboard in Resources */,
			);
			runOnlyForDeploymentPostprocessing = 0;
		};
/* End PBXResourcesBuildPhase section */

/* Begin PBXShellScriptBuildPhase section */
		9F5492911E392D36004FC272 /* ShellScript */ = {
			isa = PBXShellScriptBuildPhase;
			buildActionMask = 2147483647;
			files = (
			);
			inputPaths = (
				"$(SRCROOT)/Carthage/Build/iOS/Alamofire.framework",
				"$(SRCROOT)/Carthage/Build/iOS/Nuke.framework",
				"$(SRCROOT)/Carthage/Build/iOS/Realm.framework",
				"$(SRCROOT)/Carthage/Build/iOS/RealmSwift.framework",
				"$(SRCROOT)/Carthage/Build/iOS/SwiftyJSON.framework",
			);
			outputPaths = (
			);
			runOnlyForDeploymentPostprocessing = 0;
			shellPath = /bin/sh;
			shellScript = "/usr/local/bin/carthage copy-frameworks";
		};
		9FFFA26E1E37A27700669B68 /* Fabric */ = {
			isa = PBXShellScriptBuildPhase;
			buildActionMask = 2147483647;
			files = (
			);
			inputPaths = (
			);
			name = Fabric;
			outputPaths = (
			);
			runOnlyForDeploymentPostprocessing = 0;
			shellPath = /bin/sh;
			shellScript = "./Fabric.framework/run 7e2194e450c77748f79da925e267e9d2e94ceaa0 c73e75e4f429984f548904cb18fcd165a00a94837bf5ca1177749174d9de8645";
		};
/* End PBXShellScriptBuildPhase section */

/* Begin PBXSourcesBuildPhase section */
		9F8545081E2FD60D004964F5 /* Sources */ = {
			isa = PBXSourcesBuildPhase;
			buildActionMask = 2147483647;
			files = (
				9F8545291E2FD82A004964F5 /* SelectLanguageViewController.swift in Sources */,
				9FFFA2631E378D9B00669B68 /* AppearanceController.swift in Sources */,
				9FD765DE1E31723300E1375F /* NibLoadable.swift in Sources */,
				9FFFA2611E3787CE00669B68 /* AppFont.swift in Sources */,
				9F8545311E2FD868004964F5 /* MenuViewController.swift in Sources */,
				9F85453F1E2FD8E4004964F5 /* ObjectsListViewController.swift in Sources */,
				9F8545411E2FD8EE004964F5 /* ObjectPreviewViewController.swift in Sources */,
				9FD765DA1E31721700E1375F /* UITableView+Reusable.swift in Sources */,
				9F85452D1E2FD846004964F5 /* NewsPreviewViewController.swift in Sources */,
				9FFFA26B1E37917000669B68 /* Image+Extensions.swift in Sources */,
				9F7FBECC1E38017B0004BF69 /* LocalizationController.swift in Sources */,
				9F8545431E2FD8F9004964F5 /* MapViewController.swift in Sources */,
				9FFFA2751E37B0C100669B68 /* NewsPreviewDescriptionTableViewCell.swift in Sources */,
				9F8545391E2FD8A7004964F5 /* ResultsSearchViewController.swift in Sources */,
				9F8545471E2FDD26004964F5 /* NewsRuntimeEntity.swift in Sources */,
				9F8545101E2FD60D004964F5 /* AppDelegate.swift in Sources */,
				9F176DD11E37C295006082EA /* ViewControllersFactory.swift in Sources */,
				9F1907C01E3897500056FAFD /* Collection+Extensions.swift in Sources */,
				9F8545491E2FDEDA004964F5 /* FashionLineView.swift in Sources */,
				9FFFA2691E37902200669B68 /* NavigationViewController.swift in Sources */,
				9F64CB971E377DA80038FB29 /* AppConfiguration.swift in Sources */,
				9F64CB941E377CA00038FB29 /* NetworkRequestsController.swift in Sources */,
				9FFFA2651E378EBE00669B68 /* AppColor.swift in Sources */,
				9FD765DF1E31723300E1375F /* Reusable.swift in Sources */,
				9F176DD31E37C3B1006082EA /* RouterController.swift in Sources */,
				9F8545341E2FD87D004964F5 /* ScheduleViewController.swift in Sources */,
				9F1907BD1E38942E0056FAFD /* Localizations.swift in Sources */,
				9F1907B21E388CEE0056FAFD /* NotificationCenter+Extensions.swift in Sources */,
				9F176DCF1E37B86C006082EA /* UIViewController+Extensions.swift in Sources */,
				9F85452B1E2FD838004964F5 /* NewsFeedViewController.swift in Sources */,
				9FD765D81E3171B100E1375F /* NewsFeedPlainTableViewCell.swift in Sources */,
				9F64CB921E377BB50038FB29 /* PushNotificationsController.swift in Sources */,
				9FFFA26D1E3794DC00669B68 /* NewsFeedImageTableViewCell.swift in Sources */,
				9F85453C1E2FD8C8004964F5 /* BroadcastViewController.swift in Sources */,
				9F8545371E2FD896004964F5 /* ResultsViewController.swift in Sources */,
				9FFFA2381E3785ED00669B68 /* CustomModalTransition.swift in Sources */,
			);
			runOnlyForDeploymentPostprocessing = 0;
		};
/* End PBXSourcesBuildPhase section */

/* Begin PBXVariantGroup section */
		9F7FBEC81E38007E0004BF69 /* Localizable.strings */ = {
			isa = PBXVariantGroup;
			children = (
				9F7FBEC91E38007F0004BF69 /* en */,
				9F7FBECA1E3800800004BF69 /* ru-RU */,
			);
			name = Localizable.strings;
			sourceTree = "<group>";
		};
		9F8545131E2FD60D004964F5 /* Main.storyboard */ = {
			isa = PBXVariantGroup;
			children = (
				9F8545141E2FD60D004964F5 /* Base */,
			);
			name = Main.storyboard;
			sourceTree = "<group>";
		};
		9F8545181E2FD60D004964F5 /* LaunchScreen.storyboard */ = {
			isa = PBXVariantGroup;
			children = (
				9F8545191E2FD60D004964F5 /* Base */,
			);
			name = LaunchScreen.storyboard;
			sourceTree = "<group>";
		};
/* End PBXVariantGroup section */

/* Begin XCBuildConfiguration section */
		9F85451C1E2FD60D004964F5 /* Debug */ = {
			isa = XCBuildConfiguration;
			buildSettings = {
				ALWAYS_SEARCH_USER_PATHS = NO;
				CLANG_ANALYZER_LOCALIZABILITY_NONLOCALIZED = YES;
				CLANG_ANALYZER_NONNULL = YES;
				CLANG_CXX_LANGUAGE_STANDARD = "gnu++0x";
				CLANG_CXX_LIBRARY = "libc++";
				CLANG_ENABLE_MODULES = YES;
				CLANG_ENABLE_OBJC_ARC = YES;
				CLANG_WARN_BOOL_CONVERSION = YES;
				CLANG_WARN_CONSTANT_CONVERSION = YES;
				CLANG_WARN_DIRECT_OBJC_ISA_USAGE = YES_ERROR;
				CLANG_WARN_DOCUMENTATION_COMMENTS = YES;
				CLANG_WARN_EMPTY_BODY = YES;
				CLANG_WARN_ENUM_CONVERSION = YES;
				CLANG_WARN_INFINITE_RECURSION = YES;
				CLANG_WARN_INT_CONVERSION = YES;
				CLANG_WARN_OBJC_ROOT_CLASS = YES_ERROR;
				CLANG_WARN_SUSPICIOUS_MOVE = YES;
				CLANG_WARN_UNREACHABLE_CODE = YES;
				CLANG_WARN__DUPLICATE_METHOD_MATCH = YES;
				"CODE_SIGN_IDENTITY[sdk=iphoneos*]" = "iPhone Developer";
				COPY_PHASE_STRIP = NO;
				DEBUG_INFORMATION_FORMAT = dwarf;
				ENABLE_STRICT_OBJC_MSGSEND = YES;
				ENABLE_TESTABILITY = YES;
				GCC_C_LANGUAGE_STANDARD = gnu99;
				GCC_DYNAMIC_NO_PIC = NO;
				GCC_NO_COMMON_BLOCKS = YES;
				GCC_OPTIMIZATION_LEVEL = 0;
				GCC_PREPROCESSOR_DEFINITIONS = (
					"DEBUG=1",
					"$(inherited)",
				);
				GCC_WARN_64_TO_32_BIT_CONVERSION = YES;
				GCC_WARN_ABOUT_RETURN_TYPE = YES_ERROR;
				GCC_WARN_UNDECLARED_SELECTOR = YES;
				GCC_WARN_UNINITIALIZED_AUTOS = YES_AGGRESSIVE;
				GCC_WARN_UNUSED_FUNCTION = YES;
				GCC_WARN_UNUSED_VARIABLE = YES;
				IPHONEOS_DEPLOYMENT_TARGET = 10.2;
				MTL_ENABLE_DEBUG_INFO = YES;
				ONLY_ACTIVE_ARCH = YES;
				SDKROOT = iphoneos;
				SWIFT_ACTIVE_COMPILATION_CONDITIONS = DEBUG;
				SWIFT_OPTIMIZATION_LEVEL = "-Onone";
			};
			name = Debug;
		};
		9F85451D1E2FD60D004964F5 /* Release */ = {
			isa = XCBuildConfiguration;
			buildSettings = {
				ALWAYS_SEARCH_USER_PATHS = NO;
				CLANG_ANALYZER_LOCALIZABILITY_NONLOCALIZED = YES;
				CLANG_ANALYZER_NONNULL = YES;
				CLANG_CXX_LANGUAGE_STANDARD = "gnu++0x";
				CLANG_CXX_LIBRARY = "libc++";
				CLANG_ENABLE_MODULES = YES;
				CLANG_ENABLE_OBJC_ARC = YES;
				CLANG_WARN_BOOL_CONVERSION = YES;
				CLANG_WARN_CONSTANT_CONVERSION = YES;
				CLANG_WARN_DIRECT_OBJC_ISA_USAGE = YES_ERROR;
				CLANG_WARN_DOCUMENTATION_COMMENTS = YES;
				CLANG_WARN_EMPTY_BODY = YES;
				CLANG_WARN_ENUM_CONVERSION = YES;
				CLANG_WARN_INFINITE_RECURSION = YES;
				CLANG_WARN_INT_CONVERSION = YES;
				CLANG_WARN_OBJC_ROOT_CLASS = YES_ERROR;
				CLANG_WARN_SUSPICIOUS_MOVE = YES;
				CLANG_WARN_UNREACHABLE_CODE = YES;
				CLANG_WARN__DUPLICATE_METHOD_MATCH = YES;
				"CODE_SIGN_IDENTITY[sdk=iphoneos*]" = "iPhone Developer";
				COPY_PHASE_STRIP = NO;
				DEBUG_INFORMATION_FORMAT = "dwarf-with-dsym";
				ENABLE_NS_ASSERTIONS = NO;
				ENABLE_STRICT_OBJC_MSGSEND = YES;
				GCC_C_LANGUAGE_STANDARD = gnu99;
				GCC_NO_COMMON_BLOCKS = YES;
				GCC_WARN_64_TO_32_BIT_CONVERSION = YES;
				GCC_WARN_ABOUT_RETURN_TYPE = YES_ERROR;
				GCC_WARN_UNDECLARED_SELECTOR = YES;
				GCC_WARN_UNINITIALIZED_AUTOS = YES_AGGRESSIVE;
				GCC_WARN_UNUSED_FUNCTION = YES;
				GCC_WARN_UNUSED_VARIABLE = YES;
				IPHONEOS_DEPLOYMENT_TARGET = 10.2;
				MTL_ENABLE_DEBUG_INFO = NO;
				SDKROOT = iphoneos;
				SWIFT_OPTIMIZATION_LEVEL = "-Owholemodule";
				VALIDATE_PRODUCT = YES;
			};
			name = Release;
		};
		9F85451F1E2FD60D004964F5 /* Debug */ = {
			isa = XCBuildConfiguration;
			buildSettings = {
				ALWAYS_EMBED_SWIFT_STANDARD_LIBRARIES = YES;
				ASSETCATALOG_COMPILER_APPICON_NAME = AppIcon;
				CODE_SIGN_ENTITLEMENTS = CWWG/CWWG.entitlements;
				DEBUG_INFORMATION_FORMAT = "dwarf-with-dsym";
				DEVELOPMENT_TEAM = SGAF76T5DB;
				FRAMEWORK_SEARCH_PATHS = (
					"$(inherited)",
					"$(PROJECT_DIR)",
					"$(PROJECT_DIR)/Carthage/Build/iOS",
				);
				INFOPLIST_FILE = CWWG/Info.plist;
				IPHONEOS_DEPLOYMENT_TARGET = 9.0;
				LD_RUNPATH_SEARCH_PATHS = "$(inherited) @executable_path/Frameworks";
				PRODUCT_BUNDLE_IDENTIFIER = "cwwg-team.CWWG";
				PRODUCT_NAME = "$(TARGET_NAME)";
				SWIFT_VERSION = 3.0;
			};
			name = Debug;
		};
		9F8545201E2FD60D004964F5 /* Release */ = {
			isa = XCBuildConfiguration;
			buildSettings = {
				ALWAYS_EMBED_SWIFT_STANDARD_LIBRARIES = YES;
				ASSETCATALOG_COMPILER_APPICON_NAME = AppIcon;
				CODE_SIGN_ENTITLEMENTS = CWWG/CWWG.entitlements;
				DEVELOPMENT_TEAM = SGAF76T5DB;
				FRAMEWORK_SEARCH_PATHS = (
					"$(inherited)",
					"$(PROJECT_DIR)",
					"$(PROJECT_DIR)/Carthage/Build/iOS",
				);
				INFOPLIST_FILE = CWWG/Info.plist;
				IPHONEOS_DEPLOYMENT_TARGET = 9.0;
				LD_RUNPATH_SEARCH_PATHS = "$(inherited) @executable_path/Frameworks";
				PRODUCT_BUNDLE_IDENTIFIER = "cwwg-team.CWWG";
				PRODUCT_NAME = "$(TARGET_NAME)";
				SWIFT_VERSION = 3.0;
			};
			name = Release;
		};
/* End XCBuildConfiguration section */

/* Begin XCConfigurationList section */
		9F8545071E2FD60D004964F5 /* Build configuration list for PBXProject "CWWG" */ = {
			isa = XCConfigurationList;
			buildConfigurations = (
				9F85451C1E2FD60D004964F5 /* Debug */,
				9F85451D1E2FD60D004964F5 /* Release */,
			);
			defaultConfigurationIsVisible = 0;
			defaultConfigurationName = Release;
		};
		9F85451E1E2FD60D004964F5 /* Build configuration list for PBXNativeTarget "CWWG" */ = {
			isa = XCConfigurationList;
			buildConfigurations = (
				9F85451F1E2FD60D004964F5 /* Debug */,
				9F8545201E2FD60D004964F5 /* Release */,
			);
			defaultConfigurationIsVisible = 0;
			defaultConfigurationName = Release;
		};
/* End XCConfigurationList section */
	};
	rootObject = 9F8545041E2FD60D004964F5 /* Project object */;
}
